{
    "_meta": {
        "hash": {
            "sha256": "2ff2bebac65fb583bc20b9fa13a5b6eebaae3bf1710f60458e82ae15d5f63a39"
        },
        "pipfile-spec": 6,
        "requires": {},
        "sources": [
            {
                "name": "pypi",
                "url": "https://pypi.org/simple",
                "verify_ssl": true
            }
        ]
    },
    "default": {
        "aiodns": {
            "hashes": [
                "sha256:99d0652f2c02f73bfa646bf44af82705260a523014576647d7959e664830b26b",
                "sha256:d8677adc679ce8d0ef706c14d9c3d2f27a0e0cc11d59730cdbaf218ad52dd9ea"
            ],
            "index": "pypi",
            "version": "==1.1.1"
        },
        "aiohttp": {
            "hashes": [
                "sha256:0e921684726fa79c8d328885cf6131e37983303cf17b5695c98c5e3659f8f1b0",
                "sha256:27304c87942dd4d6d412affa3870fbe4e04456bff0b53883f35de15ddf447b85",
                "sha256:4156e9257dbeef314e105509eef38dd1f1e831a83eb6101ed5e124d02f4ddf89",
                "sha256:4a13e7588cae72f54df0697422990084e024a5ab2136ffcd70fa190d29220d42",
                "sha256:893bafb2562ef0b8860e5cacaed89a84c1f1e01081d99cdce456111b5356b273",
                "sha256:997d89e884c6b90a7a891b676f65ca30ca331ceab0b2db6810210b4a984c87f8",
                "sha256:9e0f22161a1fa079ef4fcd97a19b6e55654375b13473204afb69b81d0e12b58b",
                "sha256:9f1aee9002e726c47e9997c9b68df7663964fe486c893397645c38b9b82b60eb",
                "sha256:a08d8857f5ea7e1010eab8f8137538ddca0700070897065e89ec470d7e66d029",
                "sha256:b941ce5089b4b5b7e4df45229438869080322e733a43725d6b105c8f413ba7ff",
                "sha256:c4477474c7ddd931a698c6bd7e3de0b519383d2f2165c7ff4c4e1940fca6703b",
                "sha256:ddf46cc74d13bd79ce9ae54a5092c04b272a974c8cb7d6859582aa28ba699424",
                "sha256:fc3e4b5ec85e6fbbc89132d1c04a88492dbeba915c1c710879573c7246245250"
            ],
            "index": "pypi",
            "version": "==2.2.3"
        },
        "aiohttp-jinja2": {
            "hashes": [
                "sha256:bc15bc4d937c97e521baf05ea70c580eedf734ab3435bda6bffebc9b9ad66d19",
                "sha256:d2c5de29659ea4f9f2e173773a76d987a2e31a8b61fa1b6a207e892e33e39d5d"
            ],
            "index": "pypi",
            "version": "==0.13.0"
        },
        "aiomysql": {
            "hashes": [
                "sha256:3457baca19a1c307ffbab8e927259fcbf3144a5852ab4cf4205dc26e7c05623f"
            ],
            "index": "pypi",
            "version": "==0.0.9"
        },
        "aiosmtplib": {
            "hashes": [
                "sha256:3fd84ef413c39d641db0bff7815c66f1cdd274c5b952bd144404697e4b941d26",
                "sha256:baee7fd37bd9395f17f21ec32e15731db3c807eed53be5901ba1b4767f4e382b"
            ],
            "index": "pypi",
            "version": "==1.0.1"
        },
        "aiosqlite": {
            "hashes": [
                "sha256:9eceb678e49b48fbd580e7f0a9c750655b1707b9f44f5a88fb4f05329c3175ee"
            ],
            "index": "pypi",
            "version": "==0.3.0"
        },
        "async-timeout": {
            "hashes": [
                "sha256:380e9bfd4c009a14931ffe487499b0906b00b3378bb743542cfd9fbb6d8e4657",
                "sha256:fe2f598eb140a444cc4ba15010f109259ad8eebcb11a9107fdb9ea32139bc722"
            ],
            "index": "pypi",
            "version": "==1.2.1"
        },
        "attrs": {
            "hashes": [
                "sha256:5d4d1b99f94d69338f485984127e4473b3ab9e20f43821b0e546cc3b2302fd11",
                "sha256:a7e0d9183f6457de12df7ba6a81f6569c7d6b25f67ad509b5ad52e8545970a2f"
            ],
            "index": "pypi",
            "version": "==17.2.0"
        },
        "cchardet": {
            "hashes": [
                "sha256:07dace80abce108d42a82be5a598797c0c07575741d81e698819bd42d367cdde",
                "sha256:36d58862c158de32ace6497e7bafc7f85049b35a3abbd65118baffbe2a1ec1e5",
                "sha256:3f70d1c41f0694d1411b47868fdb7c3147fd1bf09c22e6565a765eedfb888989",
                "sha256:69311e20183056b45313475cc05c3e968faa2b14a466a6b0c23780645a462afe",
                "sha256:6dfc76b71f66e002a99efa68efe4366143e8845b54cf5623eb05b5fa8fb030d6",
                "sha256:6e001eb2ff93c4c31a9952cf01c71f5f95c758314032094df5cf086168678b23",
                "sha256:7187a01130b838cea449904f3aa5c0bee0609fcc0f5f667f4ce08ea99d102ddc",
                "sha256:823a981ba75fe8c12a0a0259eb80ec3a657273559f6d7445ba6fe2d2b061c8f9",
                "sha256:9c9269208b9f8d7446dbd970f6544ce48104096efab0f769ee5918066ba1ee7e",
                "sha256:a62b29c8c5a41f5ae95f620746d6db03b86fb259340fd991c9a608aabc60a275",
                "sha256:b94a65d3a8cc900058e6aaedc0dde9c99ffe436d8670d156784d7b561b874cf5",
                "sha256:d12b3f1913068975f9b9431f3cdc44488786523cc6d5467ffcb5bd43d3210157",
                "sha256:d6c8eb90a9aa77f94e040a75d563f65849ab3b0c8f675b27928a91583648f8f8",
                "sha256:e1c3addf0c7408f76b98bd5f55f3abe844716d47dd6ab0d32eea8caa11a8fa41",
                "sha256:e32c4a420c6f7c6ea8d8a1fe36c60c70316a4ca1779dba2e00044b61d8ee2017",
                "sha256:e47d90a8484cc425ca4c13a204901e24e2d0b3e206deef7cf391c10639d33d6b",
                "sha256:eb8ee148e9fc13101e0e19ac98552d24b82731fcfddc915eed216c13ebbebec0",
                "sha256:f4e3d0d9a0113cdfbc2fafa995674c1c49ed4166543b454945ca44d6e2148935",
                "sha256:feda07443d732d86c9821671a898107b96ceb00462f405ec1dc08a353a9ddab0"
            ],
            "index": "pypi",
            "version": "==2.1.1"
        },
        "certifi": {
            "hashes": [
                "sha256:4c1d68a1408dd090d2f3a869aa94c3947cc1d967821d1ed303208c9f41f0f2f4",
                "sha256:b6e8b28b2b7e771a41ecdd12d4d43262ecab52adebbafa42c77d6b57fb6ad3a4"
            ],
            "version": "==2018.8.13"
        },
        "chardet": {
            "hashes": [
                "sha256:84ab92ed1c4d4f16916e05906b6b75a6c0fb5db821cc65e70cbd64a3e2a5eaae",
                "sha256:fc323ffcaeaed0e0a02bf4d117757b98aed530d9ed4531e3e15460124c106691"
            ],
            "index": "pypi",
            "version": "==3.0.4"
        },
        "idna": {
            "hashes": [
                "sha256:3cb5ce08046c4e3a560fc02f138d0ac63e00f8ce5901a56b32ec8b7994082aab",
                "sha256:cc19709fd6d0cbfed39ea875d29ba6d4e22c0cebc510a76d6302a28385e8bb70"
            ],
            "version": "==2.5"
        },
        "jinja2": {
            "hashes": [
                "sha256:2231bace0dfd8d2bf1e5d7e41239c06c9e0ded46e70cc1094a0aa64b0afeb054",
                "sha256:ddaa01a212cd6d641401cb01b605f4a4d9f37bfc93043d7f760ec70fb99ff9ff"
            ],
            "index": "pypi",
            "version": "==2.9.6"
        },
        "markupsafe": {
            "hashes": [
                "sha256:a6be69091dac236ea9c6bc7d012beab42010fa914c459791d627dad4910eb665"
            ],
            "index": "pypi",
            "version": "==1.0"
        },
        "mccabe": {
            "hashes": [
                "sha256:ab8a6258860da4b6677da4bd2fe5dc2c659cff31b3ee4f7f5d64e79735b80d42",
                "sha256:dd8d182285a0fe56bace7f45b5e7d1a6ebcbf524e8f3bd87eb0f125271b8831f"
            ],
            "index": "pypi",
            "version": "==0.6.1"
        },
        "multidict": {
            "hashes": [
                "sha256:0fd1803328017d7cbce4ed45dadef0304b34dde9e90613e53b9b56f6a2bf22a2",
                "sha256:111dd636cb2746fcad2628f067ddf244d15887526d58d3cba48db8868e836cb0",
                "sha256:247f4d2cae0d38efa53f6e3cd3e26c5eb3fdf704679972a1db4c7b74bd0c1b8d",
                "sha256:2edbef18399a93e34c8a12c5477c2494c7663859457a7e783bf597be0fa87f04",
                "sha256:2f8657b1280dd8f0f1f8648c11a9acecd6942c80e7d9a5256a51ffd4d8d81269",
                "sha256:476f0f8fee5e68298c28cf49b40af57f8d14db40fbdfb67261e2f4fdb6a321bc",
                "sha256:504137abc2ac6a6a8d19c00f0d451885cc36f047d9dc9aaf11238f9a3c63e95e",
                "sha256:5c176bb980bbb8221c0876d18dabb263e78394de02172a3582d2dd461faa9422",
                "sha256:875f80a046e7799b40df4b015b8fc5dae91697936872a8d7362c909a02ec6d12",
                "sha256:94d77e7090791ddff7afc83995004e718d5f93880e2db11079b2b28ea86d83d2",
                "sha256:974df422dd16d183a68efacd5f68396ce733ae183545157ce66687141d6941bd"
            ],
            "index": "pypi",
            "version": "==3.1.3"
        },
        "pycares": {
            "hashes": [
                "sha256:0e81c971236bb0767354f1456e67ab6ae305f248565ce77cd413a311f9572bf5",
                "sha256:11c0ff3ccdb5a838cbd59a4e59df35d31355a80a61393bca786ca3b44569ba10",
                "sha256:170d62bd300999227e64da4fa85459728cc96e62e44780bbc86a915fdae01f78",
                "sha256:36f4c03df57c41a87eb3d642201684eb5a8bc194f4bafaa9f60ee6dc0aef8e40",
                "sha256:371ce688776da984c4105c8ca760cc60944b9b49ccf8335c71dc7669335e6173",
                "sha256:3a2234516f7db495083d8bba0ccdaabae587e62cfcd1b8154d5d0b09d3a48dfc",
                "sha256:3f288586592c697109b2b06e3988b7e17d9765887b5fc367010ee8500cbddc86",
                "sha256:40134cee03c8bbfbc644d4c0bc81796e12dd012a5257fb146c5a5417812ee5f7",
                "sha256:722f5d2c5f78d47b13b0112f6daff43ce4e08e8152319524d14f1f917cc5125e",
                "sha256:7b18fab0ed534a898552df91bc804bd62bb3a2646c11e054baca14d23663e1d6",
                "sha256:8a39d03bd99ea191f86b990ef67ecce878d6bf6518c5cde9173fb34fb36beb5e",
                "sha256:8ea263de8bf1a30b0d87150b4aa0e3203cf93bc1723ea3e7408a7d25e1299217",
                "sha256:943e2dc67ff45ab4c81d628c959837d01561d7e185080ab7a276b8ca67573fb5",
                "sha256:9d56a54c93e64b30c0d31f394d9890f175edec029cd846221728f99263cdee82",
                "sha256:b95b339c11d824f0bb789d31b91c8534916fcbdce248cccce216fa2630bb8a90",
                "sha256:bbfd9aba1e172cd2ab7b7142d49b28cf44d6451c4a66a870aff1dc3cb84849c7",
                "sha256:d8637bcc2f901aa61ec1d754abc862f9f145cb0346a0249360df4c159377018e",
                "sha256:e2446577eeea79d2179c9469d9d4ce3ab8a07d7985465c3cb91e7d74abc329b6",
                "sha256:e72fa163f37ae3b09f143cc6690a36f012d13e905d142e1beed4ec0e593ff657",
                "sha256:f32b7c63094749fbc0c1106c9a785666ec8afd49ecfe7002a30bb7c42e62b47c",
                "sha256:f50be4dd53f009cfb4b98c3c6b240e18ff9b17e3f1c320bd594bb83eddabfcb2"
            ],
            "index": "pypi",
            "version": "==2.3.0"
        },
        "pymysql": {
            "hashes": [
                "sha256:56e3f5bcef6501012233620b54f6a7b8a34edc5751e85e4e3da9a0d808df5f68",
                "sha256:ac3dfb1f650582eca2e1e0701598bc04364ac464daa425cbbc26bb32ae54cdd5"
            ],
            "index": "pypi",
            "version": "==0.7.11"
        },
        "requests": {
            "hashes": [
                "sha256:6afd3371c1f4c1970497cdcace5c5ecbbe58267bf05ca1abd93d99d170803ab7",
                "sha256:c6f3bdf4a4323ac7b45d01e04a6f6c20e32a052cd04de81e05103abc049ad9b9"
            ],
            "index": "pypi",
            "version": "==2.18.1"
        },
        "urllib3": {
            "hashes": [
                "sha256:8ed6d5c1ff9d6ba84677310060d6a3a78ca3072ce0684cb3c645023009c114b1",
                "sha256:b14486978518ca0901a76ba973d7821047409d7f726f22156b24e83fd71382a5"
            ],
            "version": "==1.21.1"
        },
        "yarl": {
            "hashes": [
                "sha256:093740341ed419afcbeb7af7548d726ecf03059ddaa2002d8d0ae68654cd97ab",
                "sha256:165baace17c27b96ccb9a01c7f713af2d0b7cc4c11a1aba6789431495b83b63f",
                "sha256:2c17908b08b6ceff0944d2256eb889e5d81761509dc24504433bbcb7761eeb93",
                "sha256:3e33c333aa5521f6751a79b53e4c557b398309f41c3ba208da841211c312bac8",
                "sha256:4c02c43bc49e64a6da3b362200988c3a34df2ec0356bf42dc52cd995265a548a",
                "sha256:810a4c07691325716f1a4db2694e23ef03ce25165d8b75c4312aac1d6a8c9eaf",
                "sha256:9696b961a9a787298615c46d02488d30231b5f2a1c6d69847d06315e01e4d186",
                "sha256:a377d7145e178dbe96c2e578acb69cf99d66ad5125dc928e583df9471a5f8734",
                "sha256:c8a8a797c18764706863998719612776c8e42770005963c462a8a5ec4407278e",
                "sha256:ef30d9341db7e8a5adfeb5ccb70fe87847b6783a4a3069fdab2e0fa2cf04224d",
                "sha256:fc0f71ffdce882b4d4b287b0b3a68d9f2557ab14cc2c10ce4df714c42512cbde"
            ],
            "index": "pypi",
            "version": "==0.12.0"
        }
    },
    "develop": {}
}
